
Microsoft Visual Studio Solution File, Format Version 12.00
# Visual Studio Version 17
VisualStudioVersion = 17.9.34701.34
MinimumVisualStudioVersion = 10.0.40219.1
Project("{FAE04EC0-301F-11D3-BF4B-00C04F79EFBC}") = "HotelSolution", "HotelSolution\HotelSolution.csproj", "{9F6CEA8E-E5AA-4EF1-B947-737CB66338D1}"
EndProject
Global
	GlobalSection(SolutionConfigurationPlatforms) = preSolution
		Debug|Any CPU = Debug|Any CPU
		Release|Any CPU = Release|Any CPU
	EndGlobalSection
	GlobalSection(ProjectConfigurationPlatforms) = postSolution
		{9F6CEA8E-E5AA-4EF1-B947-737CB66338D1}.Debug|Any CPU.ActiveCfg = Debug|Any CPU
		{9F6CEA8E-E5AA-4EF1-B947-737CB66338D1}.Debug|Any CPU.Build.0 = Debug|Any CPU
		{9F6CEA8E-E5AA-4EF1-B947-737CB66338D1}.Release|Any CPU.ActiveCfg = Release|Any CPU
		{9F6CEA8E-E5AA-4EF1-B947-737CB66338D1}.Release|Any CPU.Build.0 = Release|Any CPU
	EndGlobalSection
	GlobalSection(SolutionProperties) = preSolution
		HideSolutionNode = FALSE
	EndGlobalSection
	GlobalSection(ExtensibilityGlobals) = postSolution
		SolutionGuid = {DE781EDD-325E-4330-A795-E239498E2844}
	EndGlobalSection
EndGlobal
